<?xml version="1.0" encoding="utf-8"?>
<Project ToolsVersion="14.0" xmlns="http://schemas.microsoft.com/developer/msbuild/2003">
  <ItemGroup>
    <ClCompile Include="..\csv\CSVparser.cc">
      <Filter>Source Files</Filter>
    </ClCompile>
    <ClCompile Include="EditDistanceFinder.cc">
      <Filter>Source Files</Filter>
    </ClCompile>
    <ClCompile Include="HelperMethods.cc">
      <Filter>Source Files</Filter>
    </ClCompile>
    <ClCompile Include="Model\InputNode.cc">
      <Filter>Source Files</Filter>
    </ClCompile>
    <ClCompile Include="..\json\jsoncpp.cc">
      <Filter>Source Files</Filter>
    </ClCompile>
    <ClCompile Include="NodesMapper.cc">
      <Filter>Source Files</Filter>
    </ClCompile>
    <ClCompile Include="Model\MappingJob.cc">
      <Filter>Source Files</Filter>
    </ClCompile>
    <ClCompile Include="Model\DocumentModel.cc">
      <Filter>Source Files</Filter>
    </ClCompile>
    <ClCompile Include="Model\Node.cc">
      <Filter>Source Files</Filter>
    </ClCompile>
    <ClCompile Include="PreProcessingHelperMethods.cc">
      <Filter>Source Files</Filter>
    </ClCompile>
    <ClCompile Include="Processor.cc">
      <Filter>Source Files</Filter>
    </ClCompile>
    <ClCompile Include="FieldsExtracter.cc">
      <Filter>Source Files</Filter>
    </ClCompile>
    <ClCompile Include="Model\RepeatInputNode.cc">
      <Filter>Source Files</Filter>
    </ClCompile>
    <ClCompile Include="Model\TableNode.cc">
      <Filter>Source Files</Filter>
    </ClCompile>
    <ClCompile Include="Model\TextNode.cc">
      <Filter>Source Files</Filter>
    </ClCompile>
    <ClCompile Include="TextualData.cc">
      <Filter>Source Files</Filter>
    </ClCompile>
    <ClCompile Include="OcrEvaluation.cc">
      <Filter>Source Files</Filter>
    </ClCompile>
    <ClCompile Include="main.cc">
      <Filter>Source Files</Filter>
    </ClCompile>
    <ClCompile Include="OcrProgram.cc">
      <Filter>Source Files</Filter>
    </ClCompile>
    <ClCompile Include="TesseractFinder.cc">
      <Filter>Source Files</Filter>
    </ClCompile>
    <ClCompile Include="LineBreaker.cc">
      <Filter>Source Files</Filter>
    </ClCompile>
  </ItemGroup>
  <ItemGroup>
    <ClInclude Include="OcrEvaluation.h">
      <Filter>Header Files</Filter>
    </ClInclude>
    <ClInclude Include="..\csv\CSVparser.h">
      <Filter>Header Files</Filter>
    </ClInclude>
    <ClInclude Include="EditDistanceFinder.h">
      <Filter>Header Files</Filter>
    </ClInclude>
    <ClInclude Include="Model\InputNode.h">
      <Filter>Header Files</Filter>
    </ClInclude>
    <ClInclude Include="..\json\json\json.h">
      <Filter>Header Files</Filter>
    </ClInclude>
    <ClInclude Include="..\json\json\json-forwards.h">
      <Filter>Header Files</Filter>
    </ClInclude>
    <ClInclude Include="NodesMapper.h">
      <Filter>Header Files</Filter>
    </ClInclude>
    <ClInclude Include="Model\MappingJob.h">
      <Filter>Header Files</Filter>
    </ClInclude>
    <ClInclude Include="Model\DocumentModel.h">
      <Filter>Header Files</Filter>
    </ClInclude>
    <ClInclude Include="OcrProgram.h">
      <Filter>Header Files</Filter>
    </ClInclude>
    <ClInclude Include="PreProcessingHelperMethods.h">
      <Filter>Header Files</Filter>
    </ClInclude>
    <ClInclude Include="FieldsExtracter.h">
      <Filter>Header Files</Filter>
    </ClInclude>
    <ClInclude Include="Model\RepeatInputNode.h">
      <Filter>Header Files</Filter>
    </ClInclude>
    <ClInclude Include="Model\TableNode.h">
      <Filter>Header Files</Filter>
    </ClInclude>
    <ClInclude Include="TesseractFinder.h">
      <Filter>Header Files</Filter>
    </ClInclude>
    <ClInclude Include="Model\TextNode.h">
      <Filter>Header Files</Filter>
    </ClInclude>
    <ClInclude Include="TextualData.h">
      <Filter>Header Files</Filter>
    </ClInclude>
    <ClInclude Include="UnionFind.h">
      <Filter>Header Files</Filter>
    </ClInclude>
    <ClInclude Include="HelperMethods.h">
      <Filter>Header Files</Filter>
    </ClInclude>
    <ClInclude Include="Model\Node.h">
      <Filter>Header Files</Filter>
    </ClInclude>
    <ClInclude Include="Processor.h">
      <Filter>Header Files</Filter>
    </ClInclude>
  </ItemGroup>
  <ItemGroup>
    <Filter Include="Source Files">
      <UniqueIdentifier>{7DFBE235-EEFA-3448-BC0B-C53269637B55}</UniqueIdentifier>
    </Filter>
    <Filter Include="Header Files">
      <UniqueIdentifier>{273098F1-7DE3-34BE-8716-9F76C8BDDD7B}</UniqueIdentifier>
    </Filter>
  </ItemGroup>
</Project>